// !$*UTF8*$!
{
	archiveVersion = 1;
	classes = {
	};
	objectVersion = 50;
	objects = {

/* Begin PBXBuildFile section */
		EDA8DDB120A09AED000C7C31 /* AppDelegate.swift in Sources */ = {isa = PBXBuildFile; fileRef = EDA8DDB020A09AED000C7C31 /* AppDelegate.swift */; };
		EDA8DDB320A09AED000C7C31 /* ViewController.swift in Sources */ = {isa = PBXBuildFile; fileRef = EDA8DDB220A09AED000C7C31 /* ViewController.swift */; };
		EDA8DDB620A09AED000C7C31 /* Main.storyboard in Resources */ = {isa = PBXBuildFile; fileRef = EDA8DDB420A09AED000C7C31 /* Main.storyboard */; };
		EDA8DDB820A09AEF000C7C31 /* Assets.xcassets in Resources */ = {isa = PBXBuildFile; fileRef = EDA8DDB720A09AEF000C7C31 /* Assets.xcassets */; };
		EDA8DDBB20A09AEF000C7C31 /* LaunchScreen.storyboard in Resources */ = {isa = PBXBuildFile; fileRef = EDA8DDB920A09AEF000C7C31 /* LaunchScreen.storyboard */; };
/* End PBXBuildFile section */

/* Begin PBXFileReference section */
		EDA8DDAD20A09AED000C7C31 /* Sushi_Snatch.app */ = {isa = PBXFileReference; explicitFileType = wrapper.application; includeInIndex = 0; path = Sushi_Snatch.app; sourceTree = BUILT_PRODUCTS_DIR; };
		EDA8DDB020A09AED000C7C31 /* AppDelegate.swift */ = {isa = PBXFileReference; lastKnownFileType = sourcecode.swift; path = AppDelegate.swift; sourceTree = "<group>"; };
		EDA8DDB220A09AED000C7C31 /* ViewController.swift */ = {isa = PBXFileReference; lastKnownFileType = sourcecode.swift; path = ViewController.swift; sourceTree = "<group>"; };
		EDA8DDB520A09AED000C7C31 /* Base */ = {isa = PBXFileReference; lastKnownFileType = file.storyboard; name = Base; path = Base.lproj/Main.storyboard; sourceTree = "<group>"; };
		EDA8DDB720A09AEF000C7C31 /* Assets.xcassets */ = {isa = PBXFileReference; lastKnownFileType = folder.assetcatalog; path = Assets.xcassets; sourceTree = "<group>"; };
		EDA8DDBA20A09AEF000C7C31 /* Base */ = {isa = PBXFileReference; lastKnownFileType = file.storyboard; name = Base; path = Base.lproj/LaunchScreen.storyboard; sourceTree = "<group>"; };
		EDA8DDBC20A09AEF000C7C31 /* Info.plist */ = {isa = PBXFileReference; lastKnownFileType = text.plist.xml; path = Info.plist; sourceTree = "<group>"; };
/* End PBXFileReference section */

/* Begin PBXFrameworksBuildPhase section */
		EDA8DDAA20A09AED000C7C31 /* Frameworks */ = {
			isa = PBXFrameworksBuildPhase;
			buildActionMask = 2147483647;
			files = (
			);
			runOnlyForDeploymentPostprocessing = 0;
		};
/* End PBXFrameworksBuildPhase section */

/* Begin PBXGroup section */
		EDA8DDA420A09AED000C7C31 = {
			isa = PBXGroup;
			children = (
				EDA8DDAF20A09AED000C7C31 /* Sushi_Snatch */,
				EDA8DDAE20A09AED000C7C31 /* Products */,
			);
			sourceTree = "<group>";
		};
		EDA8DDAE20A09AED000C7C31 /* Products */ = {
			isa = PBXGroup;
			children = (
				EDA8DDAD20A09AED000C7C31 /* Sushi_Snatch.app */,
			);
			name = Products;
			sourceTree = "<group>";
		};
		EDA8DDAF20A09AED000C7C31 /* Sushi_Snatch */ = {
			isa = PBXGroup;
			children = (
				EDA8DDB020A09AED000C7C31 /* AppDelegate.swift */,
				EDA8DDB220A09AED000C7C31 /* ViewController.swift */,
				EDA8DDB420A09AED000C7C31 /* Main.storyboard */,
				EDA8DDB720A09AEF000C7C31 /* Assets.xcassets */,
				EDA8DDB920A09AEF000C7C31 /* LaunchScreen.storyboard */,
				EDA8DDBC20A09AEF000C7C31 /* Info.plist */,
			);
			path = Sushi_Snatch;
			sourceTree = "<group>";
		};
/* End PBXGroup section */

/* Begin PBXNativeTarget section */
		EDA8DDAC20A09AED000C7C31 /* Sushi_Snatch */ = {
			isa = PBXNativeTarget;
			buildConfigurationList = EDA8DDBF20A09AEF000C7C31 /* Build configuration list for PBXNativeTarget "Sushi_Snatch" */;
			buildPhases = (
				EDA8DDA920A09AED000C7C31 /* Sources */,
				EDA8DDAA20A09AED000C7C31 /* Frameworks */,
				EDA8DDAB20A09AED000C7C31 /* Resources */,
			);
			buildRules = (
			);
			dependencies = (
			);
			name = Sushi_Snatch;
			productName = Sushi_Snatch;
			productReference = EDA8DDAD20A09AED000C7C31 /* Sushi_Snatch.app */;
			productType = "com.apple.product-type.application";
		};
/* End PBXNativeTarget section */

/* Begin PBXProject section */
		EDA8DDA520A09AED000C7C31 /* Project object */ = {
			isa = PBXProject;
			attributes = {
				LastSwiftUpdateCheck = 0930;
				LastUpgradeCheck = 0930;
				ORGANIZATIONNAME = Developers;
				TargetAttributes = {
					EDA8DDAC20A09AED000C7C31 = {
						CreatedOnToolsVersion = 9.3;
					};
				};
			};
			buildConfigurationList = EDA8DDA820A09AED000C7C31 /* Build configuration list for PBXProject "Sushi_Snatch" */;
			compatibilityVersion = "Xcode 9.3";
			developmentRegion = en;
			hasScannedForEncodings = 0;
			knownRegions = (
				en,
				Base,
			);
			mainGroup = EDA8DDA420A09AED000C7C31;
			productRefGroup = EDA8DDAE20A09AED000C7C31 /* Products */;
			projectDirPath = "";
			projectRoot = "";
			targets = (
				EDA8DDAC20A09AED000C7C31 /* Sushi_Snatch */,
			);
		};
/* End PBXProject section */

/* Begin PBXResourcesBuildPhase section */
		EDA8DDAB20A09AED000C7C31 /* Resources */ = {
			isa = PBXResourcesBuildPhase;
			buildActionMask = 2147483647;
			files = (
				EDA8DDBB20A09AEF000C7C31 /* LaunchScreen.storyboard in Resources */,
				EDA8DDB820A09AEF000C7C31 /* Assets.xcassets in Resources */,
				EDA8DDB620A09AED000C7C31 /* Main.storyboard in Resources */,
			);
			runOnlyForDeploymentPostprocessing = 0;
		};
/* End PBXResourcesBuildPhase section */

/* Begin PBXSourcesBuildPhase section */
		EDA8DDA920A09AED000C7C31 /* Sources */ = {
			isa = PBXSourcesBuildPhase;
			buildActionMask = 2147483647;
			files = (
				EDA8DDB320A09AED000C7C31 /* ViewController.swift in Sources */,
				EDA8DDB120A09AED000C7C31 /* AppDelegate.swift in Sources */,
			);
			runOnlyForDeploymentPostprocessing = 0;
		};
/* End PBXSourcesBuildPhase section */

/* Begin PBXVariantGroup section */
		EDA8DDB420A09AED000C7C31 /* Main.storyboard */ = {
			isa = PBXVariantGroup;
			children = (
				EDA8DDB520A09AED000C7C31 /* Base */,
			);
			name = Main.storyboard;
			sourceTree = "<group>";
		};
		EDA8DDB920A09AEF000C7C31 /* LaunchScreen.storyboard */ = {
			isa = PBXVariantGroup;
			children = (
				EDA8DDBA20A09AEF000C7C31 /* Base */,
			);
			name = LaunchScreen.storyboard;
			sourceTree = "<group>";
		};
/* End PBXVariantGroup section */

/* Begin XCBuildConfiguration section */
		EDA8DDBD20A09AEF000C7C31 /* Debug */ = {
			isa = XCBuildConfiguration;
			buildSettings = {
				ALWAYS_SEARCH_USER_PATHS = NO;
				CLANG_ANALYZER_NONNULL = YES;
				CLANG_ANALYZER_NUMBER_OBJECT_CONVERSION = YES_AGGRESSIVE;
				CLANG_CXX_LANGUAGE_STANDARD = "gnu++14";
				CLANG_CXX_LIBRARY = "libc++";
				CLANG_ENABLE_MODULES = YES;
				CLANG_ENABLE_OBJC_ARC = YES;
				CLANG_ENABLE_OBJC_WEAK = YES;
				CLANG_WARN_BLOCK_CAPTURE_AUTORELEASING = YES;
				CLANG_WARN_BOOL_CONVERSION = YES;
				CLANG_WARN_COMMA = YES;
				CLANG_WARN_CONSTANT_CONVERSION = YES;
				CLANG_WARN_DEPRECATED_OBJC_IMPLEMENTATIONS = YES;
				CLANG_WARN_DIRECT_OBJC_ISA_USAGE = YES_ERROR;
				CLANG_WARN_DOCUMENTATION_COMMENTS = YES;
				CLANG_WARN_EMPTY_BODY = YES;
				CLANG_WARN_ENUM_CONVERSION = YES;
				CLANG_WARN_INFINITE_RECURSION = YES;
				CLANG_WARN_INT_CONVERSION = YES;
				CLANG_WARN_NON_LITERAL_NULL_CONVERSION = YES;
				CLANG_WARN_OBJC_IMPLICIT_RETAIN_SELF = YES;
				CLANG_WARN_OBJC_LITERAL_CONVERSION = YES;
				CLANG_WARN_OBJC_ROOT_CLASS = YES_ERROR;
				CLANG_WARN_RANGE_LOOP_ANALYSIS = YES;
				CLANG_WARN_STRICT_PROTOTYPES = YES;
				CLANG_WARN_SUSPICIOUS_MOVE = YES;
				CLANG_WARN_UNGUARDED_AVAILABILITY = YES_AGGRESSIVE;
				CLANG_WARN_UNREACHABLE_CODE = YES;
				CLANG_WARN__DUPLICATE_METHOD_MATCH = YES;
				CODE_SIGN_IDENTITY = "iPhone Developer";
				COPY_PHASE_STRIP = NO;
				DEBUG_INFORMATION_FORMAT = dwarf;
				ENABLE_STRICT_OBJC_MSGSEND = YES;
				ENABLE_TESTABILITY = YES;
				GCC_C_LANGUAGE_STANDARD = gnu11;
				GCC_DYNAMIC_NO_PIC = NO;
				GCC_NO_COMMON_BLOCKS = YES;
				GCC_OPTIMIZATION_LEVEL = 0;
				GCC_PREPROCESSOR_DEFINITIONS = (
					"DEBUG=1",
					"$(inherited)",
				);
				GCC_WARN_64_TO_32_BIT_CONVERSION = YES;
				GCC_WARN_ABOUT_RETURN_TYPE = YES_ERROR;
				GCC_WARN_UNDECLARED_SELECTOR = YES;
				GCC_WARN_UNINITIALIZED_AUTOS = YES_AGGRESSIVE;
				GCC_WARN_UNUSED_FUNCTION = YES;
				GCC_WARN_UNUSED_VARIABLE = YES;
				IPHONEOS_DEPLOYMENT_TARGET = 11.3;
				MTL_ENABLE_DEBUG_INFO = YES;
				ONLY_ACTIVE_ARCH = YES;
				SDKROOT = iphoneos;
				SWIFT_ACTIVE_COMPILATION_CONDITIONS = DEBUG;
				SWIFT_OPTIMIZATION_LEVEL = "-Onone";
			};
			name = Debug;
		};
		EDA8DDBE20A09AEF000C7C31 /* Release */ = {
			isa = XCBuildConfiguration;
			buildSettings = {
				ALWAYS_SEARCH_USER_PATHS = NO;
				CLANG_ANALYZER_NONNULL = YES;
				CLANG_ANALYZER_NUMBER_OBJECT_CONVERSION = YES_AGGRESSIVE;
				CLANG_CXX_LANGUAGE_STANDARD = "gnu++14";
				CLANG_CXX_LIBRARY = "libc++";
				CLANG_ENABLE_MODULES = YES;
				CLANG_ENABLE_OBJC_ARC = YES;
				CLANG_ENABLE_OBJC_WEAK = YES;
				CLANG_WARN_BLOCK_CAPTURE_AUTORELEASING = YES;
				CLANG_WARN_BOOL_CONVERSION = YES;
				CLANG_WARN_COMMA = YES;
				CLANG_WARN_CONSTANT_CONVERSION = YES;
				CLANG_WARN_DEPRECATED_OBJC_IMPLEMENTATIONS = YES;
				CLANG_WARN_DIRECT_OBJC_ISA_USAGE = YES_ERROR;
				CLANG_WARN_DOCUMENTATION_COMMENTS = YES;
				CLANG_WARN_EMPTY_BODY = YES;
				CLANG_WARN_ENUM_CONVERSION = YES;
				CLANG_WARN_INFINITE_RECURSION = YES;
				CLANG_WARN_INT_CONVERSION = YES;
				CLANG_WARN_NON_LITERAL_NULL_CONVERSION = YES;
				CLANG_WARN_OBJC_IMPLICIT_RETAIN_SELF = YES;
				CLANG_WARN_OBJC_LITERAL_CONVERSION = YES;
				CLANG_WARN_OBJC_ROOT_CLASS = YES_ERROR;
				CLANG_WARN_RANGE_LOOP_ANALYSIS = YES;
				CLANG_WARN_STRICT_PROTOTYPES = YES;
				CLANG_WARN_SUSPICIOUS_MOVE = YES;
				CLANG_WARN_UNGUARDED_AVAILABILITY = YES_AGGRESSIVE;
				CLANG_WARN_UNREACHABLE_CODE = YES;
				CLANG_WARN__DUPLICATE_METHOD_MATCH = YES;
				CODE_SIGN_IDENTITY = "iPhone Developer";
				COPY_PHASE_STRIP = NO;
				DEBUG_INFORMATION_FORMAT = "dwarf-with-dsym";
				ENABLE_NS_ASSERTIONS = NO;
				ENABLE_STRICT_OBJC_MSGSEND = YES;
				GCC_C_LANGUAGE_STANDARD = gnu11;
				GCC_NO_COMMON_BLOCKS = YES;
				GCC_WARN_64_TO_32_BIT_CONVERSION = YES;
				GCC_WARN_ABOUT_RETURN_TYPE = YES_ERROR;
				GCC_WARN_UNDECLARED_SELECTOR = YES;
				GCC_WARN_UNINITIALIZED_AUTOS = YES_AGGRESSIVE;
				GCC_WARN_UNUSED_FUNCTION = YES;
				GCC_WARN_UNUSED_VARIABLE = YES;
				IPHONEOS_DEPLOYMENT_TARGET = 11.3;
				MTL_ENABLE_DEBUG_INFO = NO;
				SDKROOT = iphoneos;
				SWIFT_COMPILATION_MODE = wholemodule;
				SWIFT_OPTIMIZATION_LEVEL = "-O";
				VALIDATE_PRODUCT = YES;
			};
			name = Release;
		};
		EDA8DDC020A09AEF000C7C31 /* Debug */ = {
			isa = XCBuildConfiguration;
			buildSettings = {
				ASSETCATALOG_COMPILER_APPICON_NAME = AppIcon;
				CODE_SIGN_STYLE = Automatic;
				INFOPLIST_FILE = Sushi_Snatch/Info.plist;
				LD_RUNPATH_SEARCH_PATHS = (
					"$(inherited)",
					"@executable_path/Frameworks",
				);
				PRODUCT_BUNDLE_IDENTIFIER = "MelPhi.Sushi-Snatch";
				PRODUCT_NAME = "$(TARGET_NAME)";
				SWIFT_VERSION = 4.0;
				TARGETED_DEVICE_FAMILY = "1,2";
			};
			name = Debug;
		};
		EDA8DDC120A09AEF000C7C31 /* Release */ = {
			isa = XCBuildConfiguration;
			buildSettings = {
				ASSETCATALOG_COMPILER_APPICON_NAME = AppIcon;
				CODE_SIGN_STYLE = Automatic;
				INFOPLIST_FILE = Sushi_Snatch/Info.plist;
				LD_RUNPATH_SEARCH_PATHS = (
					"$(inherited)",
					"@executable_path/Frameworks",
				);
				PRODUCT_BUNDLE_IDENTIFIER = "MelPhi.Sushi-Snatch";
				PRODUCT_NAME = "$(TARGET_NAME)";
				SWIFT_VERSION = 4.0;
				TARGETED_DEVICE_FAMILY = "1,2";
			};
			name = Release;
		};
/* End XCBuildConfiguration section */

/* Begin XCConfigurationList section */
		EDA8DDA820A09AED000C7C31 /* Build configuration list for PBXProject "Sushi_Snatch" */ = {
			isa = XCConfigurationList;
			buildConfigurations = (
				EDA8DDBD20A09AEF000C7C31 /* Debug */,
				EDA8DDBE20A09AEF000C7C31 /* Release */,
			);
			defaultConfigurationIsVisible = 0;
			defaultConfigurationName = Release;
		};
		EDA8DDBF20A09AEF000C7C31 /* Build configuration list for PBXNativeTarget "Sushi_Snatch" */ = {
			isa = XCConfigurationList;
			buildConfigurations = (
				EDA8DDC020A09AEF000C7C31 /* Debug */,
				EDA8DDC120A09AEF000C7C31 /* Release */,
			);
			defaultConfigurationIsVisible = 0;
			defaultConfigurationName = Release;
		};
/* End XCConfigurationList section */
	};
	rootObject = EDA8DDA520A09AED000C7C31 /* Project object */;
}
